
Microsoft Visual Studio Solution File, Format Version 12.00
# Visual Studio 2013
VisualStudioVersion = 12.0.31101.0
MinimumVisualStudioVersion = 10.0.40219.1
Project("{FAE04EC0-301F-11D3-BF4B-00C04F79EFBC}") = "SeleniumTestsProject", "SeleniumTestsProject\SeleniumTestsProject.csproj", "{CCB46CEE-FB13-4BAD-A886-EE4304F5B2B9}"
EndProject
Project("{FAE04EC0-301F-11D3-BF4B-00C04F79EFBC}") = "ConsoleApp", "ConsoleApp\ConsoleApp.csproj", "{890A0961-08EE-4409-9DF8-FE3AE6DD3056}"
EndProject
Global
	GlobalSection(SolutionConfigurationPlatforms) = preSolution
		Debug|Any CPU = Debug|Any CPU
		Release|Any CPU = Release|Any CPU
	EndGlobalSection
	GlobalSection(ProjectConfigurationPlatforms) = postSolution
		{CCB46CEE-FB13-4BAD-A886-EE4304F5B2B9}.Debug|Any CPU.ActiveCfg = Debug|Any CPU
		{CCB46CEE-FB13-4BAD-A886-EE4304F5B2B9}.Debug|Any CPU.Build.0 = Debug|Any CPU
		{CCB46CEE-FB13-4BAD-A886-EE4304F5B2B9}.Release|Any CPU.ActiveCfg = Release|Any CPU
		{CCB46CEE-FB13-4BAD-A886-EE4304F5B2B9}.Release|Any CPU.Build.0 = Release|Any CPU
		{890A0961-08EE-4409-9DF8-FE3AE6DD3056}.Debug|Any CPU.ActiveCfg = Debug|Any CPU
		{890A0961-08EE-4409-9DF8-FE3AE6DD3056}.Debug|Any CPU.Build.0 = Debug|Any CPU
		{890A0961-08EE-4409-9DF8-FE3AE6DD3056}.Release|Any CPU.ActiveCfg = Release|Any CPU
		{890A0961-08EE-4409-9DF8-FE3AE6DD3056}.Release|Any CPU.Build.0 = Release|Any CPU
	EndGlobalSection
	GlobalSection(SolutionProperties) = preSolution
		HideSolutionNode = FALSE
	EndGlobalSection
EndGlobal
